
Microsoft Visual Studio Solution File, Format Version 12.00
# Visual Studio Version 16
VisualStudioVersion = 16.0.28803.156
MinimumVisualStudioVersion = 10.0.40219.1
Project("{9A19103F-16F7-4668-BE54-9A1E7A4F7556}") = "InstagramApiSharp", "InstagramApiSharp\InstagramApiSharp.csproj", "{C208657B-7142-4EC2-8AFD-A6E732061637}"
EndProject
Project("{9A19103F-16F7-4668-BE54-9A1E7A4F7556}") = "Quarkless", "Quarkless\Quarkless.csproj", "{BF4D88E0-3AFC-43CA-A3F6-C202DF7BCE4B}"
EndProject
Project("{9A19103F-16F7-4668-BE54-9A1E7A4F7556}") = "QuarklessLogic", "QuarklessLogic\QuarklessLogic.csproj", "{EB154CF9-5E90-44B7-8CE7-F4808C342E34}"
EndProject
Project("{9A19103F-16F7-4668-BE54-9A1E7A4F7556}") = "QuarklessRepositories", "QuarklessRepositories\QuarklessRepositories.csproj", "{246762F7-F4C3-4AFE-BF29-851D300579A4}"
EndProject
Project("{9A19103F-16F7-4668-BE54-9A1E7A4F7556}") = "QuarklessContexts", "QuarklessContexts\QuarklessContexts.csproj", "{2CA6B9F2-1C30-4B94-85C6-D865696924AE}"
EndProject
Project("{9A19103F-16F7-4668-BE54-9A1E7A4F7556}") = "Quarkless.Services", "Quarkless.Services\Quarkless.Services.csproj", "{28575F71-881E-4301-95D5-20ED1B641594}"
EndProject
Project("{9A19103F-16F7-4668-BE54-9A1E7A4F7556}") = "Quarkless.Tasks", "Quarkless.Tasks\Quarkless.Tasks.csproj", "{C10763FC-9D60-4C7C-94C1-434C2FC3E36B}"
EndProject
Project("{9A19103F-16F7-4668-BE54-9A1E7A4F7556}") = "Quarkless.Interfacing", "Quarkless.Interfacing\Quarkless.Interfacing.csproj", "{94E3E824-31BC-41E9-9B8C-954A3D224CB6}"
EndProject
Project("{2150E333-8FDC-42A3-9474-1A3956D46DE8}") = "Services", "Services", "{D779DD59-6EB7-407F-B623-8BD381F042B7}"
EndProject
Project("{2150E333-8FDC-42A3-9474-1A3956D46DE8}") = "Z-InstagramApi", "Z-InstagramApi", "{0F333468-9FF4-4333-B23A-E30F57D52FB4}"
EndProject
Project("{2150E333-8FDC-42A3-9474-1A3956D46DE8}") = "Data-Layer", "Data-Layer", "{E2861465-1F0E-49C0-91D3-5CE1857631DA}"
EndProject
Project("{2150E333-8FDC-42A3-9474-1A3956D46DE8}") = "Logic-Layer", "Logic-Layer", "{88B02AAC-1268-45DB-A227-294CC767E410}"
EndProject
Project("{2150E333-8FDC-42A3-9474-1A3956D46DE8}") = "Contexts", "Contexts", "{1AA33ACD-B32F-4AB4-B090-4E8061059FB0}"
EndProject
Project("{2150E333-8FDC-42A3-9474-1A3956D46DE8}") = "Tests", "Tests", "{0F989C6C-0F85-4040-833C-928F52C9E102}"
EndProject
Project("{2150E333-8FDC-42A3-9474-1A3956D46DE8}") = "Shared", "Shared", "{D746071B-0994-4094-B83E-A72CBFC6F934}"
EndProject
Project("{2150E333-8FDC-42A3-9474-1A3956D46DE8}") = "Api-Layer", "Api-Layer", "{79DA64A2-2F8E-4D9F-B554-00B6C1009E1B}"
EndProject
Project("{2150E333-8FDC-42A3-9474-1A3956D46DE8}") = "Security", "Security", "{533B02FB-25C5-48B4-A0C2-5A769E6AB278}"
EndProject
Project("{9A19103F-16F7-4668-BE54-9A1E7A4F7556}") = "Quarkless.Security", "Quarkless.Security\Quarkless.Security.csproj", "{E56DE502-7BB7-4DF7-90AF-3DE69E162262}"
EndProject
Project("{2150E333-8FDC-42A3-9474-1A3956D46DE8}") = "Common", "Common", "{A1EF60D8-B5FC-4BA2-A08D-1405C7D066F8}"
EndProject
Project("{9A19103F-16F7-4668-BE54-9A1E7A4F7556}") = "Quarkless.Common.Clients", "Quarkless.Common.Clients\Quarkless.Common.Clients.csproj", "{292CF3BA-5091-491C-80CA-6B3F8EDFCFE1}"
EndProject
Project("{9A19103F-16F7-4668-BE54-9A1E7A4F7556}") = "Quarkless.Analyser", "Quarkless.Analyser\Quarkless.Analyser.csproj", "{B5D8D170-21F2-4F7E-B359-FE94DECEEC68}"
EndProject
Project("{9A19103F-16F7-4668-BE54-9A1E7A4F7556}") = "Quarkless.Services.Heartbeat", "Quarkless.Services.Heartbeat\Quarkless.Services.Heartbeat.csproj", "{38BF7F0A-9BE0-4A5A-A82F-66B182BA1E85}"
EndProject
Project("{E53339B2-1760-4266-BCC7-CA923CBCF16C}") = "docker-compose", "docker-compose.dcproj", "{548F2DAD-B71D-44BD-B1C5-6B1E1B57D388}"
EndProject
Global
	GlobalSection(SolutionConfigurationPlatforms) = preSolution
		Debug|Any CPU = Debug|Any CPU
		Release|Any CPU = Release|Any CPU
	EndGlobalSection
	GlobalSection(ProjectConfigurationPlatforms) = postSolution
		{C208657B-7142-4EC2-8AFD-A6E732061637}.Debug|Any CPU.ActiveCfg = Debug|Any CPU
		{C208657B-7142-4EC2-8AFD-A6E732061637}.Debug|Any CPU.Build.0 = Debug|Any CPU
		{C208657B-7142-4EC2-8AFD-A6E732061637}.Release|Any CPU.ActiveCfg = Release|Any CPU
		{C208657B-7142-4EC2-8AFD-A6E732061637}.Release|Any CPU.Build.0 = Release|Any CPU
		{BF4D88E0-3AFC-43CA-A3F6-C202DF7BCE4B}.Debug|Any CPU.ActiveCfg = Debug|Any CPU
		{BF4D88E0-3AFC-43CA-A3F6-C202DF7BCE4B}.Debug|Any CPU.Build.0 = Debug|Any CPU
		{BF4D88E0-3AFC-43CA-A3F6-C202DF7BCE4B}.Release|Any CPU.ActiveCfg = Release|Any CPU
		{BF4D88E0-3AFC-43CA-A3F6-C202DF7BCE4B}.Release|Any CPU.Build.0 = Release|Any CPU
		{EB154CF9-5E90-44B7-8CE7-F4808C342E34}.Debug|Any CPU.ActiveCfg = Debug|Any CPU
		{EB154CF9-5E90-44B7-8CE7-F4808C342E34}.Debug|Any CPU.Build.0 = Debug|Any CPU
		{EB154CF9-5E90-44B7-8CE7-F4808C342E34}.Release|Any CPU.ActiveCfg = Release|Any CPU
		{EB154CF9-5E90-44B7-8CE7-F4808C342E34}.Release|Any CPU.Build.0 = Release|Any CPU
		{246762F7-F4C3-4AFE-BF29-851D300579A4}.Debug|Any CPU.ActiveCfg = Debug|Any CPU
		{246762F7-F4C3-4AFE-BF29-851D300579A4}.Debug|Any CPU.Build.0 = Debug|Any CPU
		{246762F7-F4C3-4AFE-BF29-851D300579A4}.Release|Any CPU.ActiveCfg = Release|Any CPU
		{246762F7-F4C3-4AFE-BF29-851D300579A4}.Release|Any CPU.Build.0 = Release|Any CPU
		{2CA6B9F2-1C30-4B94-85C6-D865696924AE}.Debug|Any CPU.ActiveCfg = Debug|Any CPU
		{2CA6B9F2-1C30-4B94-85C6-D865696924AE}.Debug|Any CPU.Build.0 = Debug|Any CPU
		{2CA6B9F2-1C30-4B94-85C6-D865696924AE}.Release|Any CPU.ActiveCfg = Release|Any CPU
		{2CA6B9F2-1C30-4B94-85C6-D865696924AE}.Release|Any CPU.Build.0 = Release|Any CPU
		{28575F71-881E-4301-95D5-20ED1B641594}.Debug|Any CPU.ActiveCfg = Debug|Any CPU
		{28575F71-881E-4301-95D5-20ED1B641594}.Debug|Any CPU.Build.0 = Debug|Any CPU
		{28575F71-881E-4301-95D5-20ED1B641594}.Release|Any CPU.ActiveCfg = Release|Any CPU
		{28575F71-881E-4301-95D5-20ED1B641594}.Release|Any CPU.Build.0 = Release|Any CPU
		{C10763FC-9D60-4C7C-94C1-434C2FC3E36B}.Debug|Any CPU.ActiveCfg = Debug|Any CPU
		{C10763FC-9D60-4C7C-94C1-434C2FC3E36B}.Debug|Any CPU.Build.0 = Debug|Any CPU
		{C10763FC-9D60-4C7C-94C1-434C2FC3E36B}.Release|Any CPU.ActiveCfg = Release|Any CPU
		{C10763FC-9D60-4C7C-94C1-434C2FC3E36B}.Release|Any CPU.Build.0 = Release|Any CPU
		{94E3E824-31BC-41E9-9B8C-954A3D224CB6}.Debug|Any CPU.ActiveCfg = Debug|Any CPU
		{94E3E824-31BC-41E9-9B8C-954A3D224CB6}.Debug|Any CPU.Build.0 = Debug|Any CPU
		{94E3E824-31BC-41E9-9B8C-954A3D224CB6}.Release|Any CPU.ActiveCfg = Release|Any CPU
		{94E3E824-31BC-41E9-9B8C-954A3D224CB6}.Release|Any CPU.Build.0 = Release|Any CPU
		{E56DE502-7BB7-4DF7-90AF-3DE69E162262}.Debug|Any CPU.ActiveCfg = Debug|Any CPU
		{E56DE502-7BB7-4DF7-90AF-3DE69E162262}.Debug|Any CPU.Build.0 = Debug|Any CPU
		{E56DE502-7BB7-4DF7-90AF-3DE69E162262}.Release|Any CPU.ActiveCfg = Release|Any CPU
		{E56DE502-7BB7-4DF7-90AF-3DE69E162262}.Release|Any CPU.Build.0 = Release|Any CPU
		{292CF3BA-5091-491C-80CA-6B3F8EDFCFE1}.Debug|Any CPU.ActiveCfg = Debug|Any CPU
		{292CF3BA-5091-491C-80CA-6B3F8EDFCFE1}.Debug|Any CPU.Build.0 = Debug|Any CPU
		{292CF3BA-5091-491C-80CA-6B3F8EDFCFE1}.Release|Any CPU.ActiveCfg = Release|Any CPU
		{292CF3BA-5091-491C-80CA-6B3F8EDFCFE1}.Release|Any CPU.Build.0 = Release|Any CPU
		{B5D8D170-21F2-4F7E-B359-FE94DECEEC68}.Debug|Any CPU.ActiveCfg = Debug|Any CPU
		{B5D8D170-21F2-4F7E-B359-FE94DECEEC68}.Debug|Any CPU.Build.0 = Debug|Any CPU
		{B5D8D170-21F2-4F7E-B359-FE94DECEEC68}.Release|Any CPU.ActiveCfg = Release|Any CPU
		{B5D8D170-21F2-4F7E-B359-FE94DECEEC68}.Release|Any CPU.Build.0 = Release|Any CPU
		{38BF7F0A-9BE0-4A5A-A82F-66B182BA1E85}.Debug|Any CPU.ActiveCfg = Debug|Any CPU
		{38BF7F0A-9BE0-4A5A-A82F-66B182BA1E85}.Debug|Any CPU.Build.0 = Debug|Any CPU
		{38BF7F0A-9BE0-4A5A-A82F-66B182BA1E85}.Release|Any CPU.ActiveCfg = Release|Any CPU
		{38BF7F0A-9BE0-4A5A-A82F-66B182BA1E85}.Release|Any CPU.Build.0 = Release|Any CPU
		{548F2DAD-B71D-44BD-B1C5-6B1E1B57D388}.Debug|Any CPU.ActiveCfg = Debug|Any CPU
		{548F2DAD-B71D-44BD-B1C5-6B1E1B57D388}.Debug|Any CPU.Build.0 = Debug|Any CPU
		{548F2DAD-B71D-44BD-B1C5-6B1E1B57D388}.Release|Any CPU.ActiveCfg = Release|Any CPU
		{548F2DAD-B71D-44BD-B1C5-6B1E1B57D388}.Release|Any CPU.Build.0 = Release|Any CPU
	EndGlobalSection
	GlobalSection(SolutionProperties) = preSolution
		HideSolutionNode = FALSE
	EndGlobalSection
	GlobalSection(NestedProjects) = preSolution
		{C208657B-7142-4EC2-8AFD-A6E732061637} = {0F333468-9FF4-4333-B23A-E30F57D52FB4}
		{BF4D88E0-3AFC-43CA-A3F6-C202DF7BCE4B} = {79DA64A2-2F8E-4D9F-B554-00B6C1009E1B}
		{EB154CF9-5E90-44B7-8CE7-F4808C342E34} = {88B02AAC-1268-45DB-A227-294CC767E410}
		{246762F7-F4C3-4AFE-BF29-851D300579A4} = {E2861465-1F0E-49C0-91D3-5CE1857631DA}
		{2CA6B9F2-1C30-4B94-85C6-D865696924AE} = {1AA33ACD-B32F-4AB4-B090-4E8061059FB0}
		{28575F71-881E-4301-95D5-20ED1B641594} = {D779DD59-6EB7-407F-B623-8BD381F042B7}
		{C10763FC-9D60-4C7C-94C1-434C2FC3E36B} = {88B02AAC-1268-45DB-A227-294CC767E410}
		{94E3E824-31BC-41E9-9B8C-954A3D224CB6} = {1AA33ACD-B32F-4AB4-B090-4E8061059FB0}
		{533B02FB-25C5-48B4-A0C2-5A769E6AB278} = {D746071B-0994-4094-B83E-A72CBFC6F934}
		{E56DE502-7BB7-4DF7-90AF-3DE69E162262} = {533B02FB-25C5-48B4-A0C2-5A769E6AB278}
		{A1EF60D8-B5FC-4BA2-A08D-1405C7D066F8} = {D746071B-0994-4094-B83E-A72CBFC6F934}
		{292CF3BA-5091-491C-80CA-6B3F8EDFCFE1} = {A1EF60D8-B5FC-4BA2-A08D-1405C7D066F8}
		{B5D8D170-21F2-4F7E-B359-FE94DECEEC68} = {88B02AAC-1268-45DB-A227-294CC767E410}
		{38BF7F0A-9BE0-4A5A-A82F-66B182BA1E85} = {D779DD59-6EB7-407F-B623-8BD381F042B7}
	EndGlobalSection
	GlobalSection(ExtensibilityGlobals) = postSolution
		SolutionGuid = {D3E4C3A5-ADB4-4A48-9A99-78BD4FDE9AE6}
	EndGlobalSection
EndGlobal
