
Microsoft Visual Studio Solution File, Format Version 12.00
# Visual Studio Version 16
VisualStudioVersion = 16.0.28803.156
MinimumVisualStudioVersion = 10.0.40219.1
Project("{9A19103F-16F7-4668-BE54-9A1E7A4F7556}") = "InstagramApiSharp", "InstagramApiSharp\InstagramApiSharp.csproj", "{C208657B-7142-4EC2-8AFD-A6E732061637}"
EndProject
Project("{9A19103F-16F7-4668-BE54-9A1E7A4F7556}") = "Quarkless", "Quarkless\Quarkless.csproj", "{BF4D88E0-3AFC-43CA-A3F6-C202DF7BCE4B}"
EndProject
Project("{9A19103F-16F7-4668-BE54-9A1E7A4F7556}") = "QuarklessLogic", "QuarklessLogic\QuarklessLogic.csproj", "{EB154CF9-5E90-44B7-8CE7-F4808C342E34}"
EndProject
Project("{9A19103F-16F7-4668-BE54-9A1E7A4F7556}") = "QuarklessRepositories", "QuarklessRepositories\QuarklessRepositories.csproj", "{246762F7-F4C3-4AFE-BF29-851D300579A4}"
EndProject
Project("{9A19103F-16F7-4668-BE54-9A1E7A4F7556}") = "QuarklessContexts", "QuarklessContexts\QuarklessContexts.csproj", "{2CA6B9F2-1C30-4B94-85C6-D865696924AE}"
EndProject
Project("{9A19103F-16F7-4668-BE54-9A1E7A4F7556}") = "Quarkless.Common", "Quarkless.Common\Quarkless.Common.csproj", "{CCE80973-C41B-4368-8BFE-AC323D8286EB}"
EndProject
Project("{9A19103F-16F7-4668-BE54-9A1E7A4F7556}") = "Quarkless.Services", "Quarkless.Services\Quarkless.Services.csproj", "{28575F71-881E-4301-95D5-20ED1B641594}"
EndProject
Project("{9A19103F-16F7-4668-BE54-9A1E7A4F7556}") = "Quarkless.Tasks", "Quarkless.Tasks\Quarkless.Tasks.csproj", "{C10763FC-9D60-4C7C-94C1-434C2FC3E36B}"
EndProject
Project("{FAE04EC0-301F-11D3-BF4B-00C04F79EFBC}") = "Quarkless.MediaAnalyser", "Quarkless.MediaAnalyser\Quarkless.MediaAnalyser.csproj", "{236398F6-DC6C-44DF-80F6-962FC8D74EB2}"
EndProject
Project("{9A19103F-16F7-4668-BE54-9A1E7A4F7556}") = "Quarkless.HeartBeater", "Quarkless.HeartBeater\Quarkless.HeartBeater.csproj", "{94FD3B34-872F-4544-A250-B14C428BF62E}"
EndProject
Project("{FAE04EC0-301F-11D3-BF4B-00C04F79EFBC}") = "Quarkless.Interfacing", "Quarkless.Interfacing\Quarkless.Interfacing.csproj", "{94E3E824-31BC-41E9-9B8C-954A3D224CB6}"
EndProject
Global
	GlobalSection(SolutionConfigurationPlatforms) = preSolution
		Debug|Any CPU = Debug|Any CPU
		Release|Any CPU = Release|Any CPU
	EndGlobalSection
	GlobalSection(ProjectConfigurationPlatforms) = postSolution
		{C208657B-7142-4EC2-8AFD-A6E732061637}.Debug|Any CPU.ActiveCfg = Debug|Any CPU
		{C208657B-7142-4EC2-8AFD-A6E732061637}.Debug|Any CPU.Build.0 = Debug|Any CPU
		{C208657B-7142-4EC2-8AFD-A6E732061637}.Release|Any CPU.ActiveCfg = Release|Any CPU
		{C208657B-7142-4EC2-8AFD-A6E732061637}.Release|Any CPU.Build.0 = Release|Any CPU
		{BF4D88E0-3AFC-43CA-A3F6-C202DF7BCE4B}.Debug|Any CPU.ActiveCfg = Debug|Any CPU
		{BF4D88E0-3AFC-43CA-A3F6-C202DF7BCE4B}.Debug|Any CPU.Build.0 = Debug|Any CPU
		{BF4D88E0-3AFC-43CA-A3F6-C202DF7BCE4B}.Release|Any CPU.ActiveCfg = Release|Any CPU
		{BF4D88E0-3AFC-43CA-A3F6-C202DF7BCE4B}.Release|Any CPU.Build.0 = Release|Any CPU
		{EB154CF9-5E90-44B7-8CE7-F4808C342E34}.Debug|Any CPU.ActiveCfg = Debug|Any CPU
		{EB154CF9-5E90-44B7-8CE7-F4808C342E34}.Debug|Any CPU.Build.0 = Debug|Any CPU
		{EB154CF9-5E90-44B7-8CE7-F4808C342E34}.Release|Any CPU.ActiveCfg = Release|Any CPU
		{EB154CF9-5E90-44B7-8CE7-F4808C342E34}.Release|Any CPU.Build.0 = Release|Any CPU
		{246762F7-F4C3-4AFE-BF29-851D300579A4}.Debug|Any CPU.ActiveCfg = Debug|Any CPU
		{246762F7-F4C3-4AFE-BF29-851D300579A4}.Debug|Any CPU.Build.0 = Debug|Any CPU
		{246762F7-F4C3-4AFE-BF29-851D300579A4}.Release|Any CPU.ActiveCfg = Release|Any CPU
		{246762F7-F4C3-4AFE-BF29-851D300579A4}.Release|Any CPU.Build.0 = Release|Any CPU
		{2CA6B9F2-1C30-4B94-85C6-D865696924AE}.Debug|Any CPU.ActiveCfg = Debug|Any CPU
		{2CA6B9F2-1C30-4B94-85C6-D865696924AE}.Debug|Any CPU.Build.0 = Debug|Any CPU
		{2CA6B9F2-1C30-4B94-85C6-D865696924AE}.Release|Any CPU.ActiveCfg = Release|Any CPU
		{2CA6B9F2-1C30-4B94-85C6-D865696924AE}.Release|Any CPU.Build.0 = Release|Any CPU
		{CCE80973-C41B-4368-8BFE-AC323D8286EB}.Debug|Any CPU.ActiveCfg = Debug|Any CPU
		{CCE80973-C41B-4368-8BFE-AC323D8286EB}.Debug|Any CPU.Build.0 = Debug|Any CPU
		{CCE80973-C41B-4368-8BFE-AC323D8286EB}.Release|Any CPU.ActiveCfg = Release|Any CPU
		{CCE80973-C41B-4368-8BFE-AC323D8286EB}.Release|Any CPU.Build.0 = Release|Any CPU
		{28575F71-881E-4301-95D5-20ED1B641594}.Debug|Any CPU.ActiveCfg = Debug|Any CPU
		{28575F71-881E-4301-95D5-20ED1B641594}.Debug|Any CPU.Build.0 = Debug|Any CPU
		{28575F71-881E-4301-95D5-20ED1B641594}.Release|Any CPU.ActiveCfg = Release|Any CPU
		{28575F71-881E-4301-95D5-20ED1B641594}.Release|Any CPU.Build.0 = Release|Any CPU
		{C10763FC-9D60-4C7C-94C1-434C2FC3E36B}.Debug|Any CPU.ActiveCfg = Debug|Any CPU
		{C10763FC-9D60-4C7C-94C1-434C2FC3E36B}.Debug|Any CPU.Build.0 = Debug|Any CPU
		{C10763FC-9D60-4C7C-94C1-434C2FC3E36B}.Release|Any CPU.ActiveCfg = Release|Any CPU
		{C10763FC-9D60-4C7C-94C1-434C2FC3E36B}.Release|Any CPU.Build.0 = Release|Any CPU
		{236398F6-DC6C-44DF-80F6-962FC8D74EB2}.Debug|Any CPU.ActiveCfg = Debug|Any CPU
		{236398F6-DC6C-44DF-80F6-962FC8D74EB2}.Debug|Any CPU.Build.0 = Debug|Any CPU
		{236398F6-DC6C-44DF-80F6-962FC8D74EB2}.Release|Any CPU.ActiveCfg = Release|Any CPU
		{236398F6-DC6C-44DF-80F6-962FC8D74EB2}.Release|Any CPU.Build.0 = Release|Any CPU
		{94FD3B34-872F-4544-A250-B14C428BF62E}.Debug|Any CPU.ActiveCfg = Debug|Any CPU
		{94FD3B34-872F-4544-A250-B14C428BF62E}.Debug|Any CPU.Build.0 = Debug|Any CPU
		{94FD3B34-872F-4544-A250-B14C428BF62E}.Release|Any CPU.ActiveCfg = Release|Any CPU
		{94FD3B34-872F-4544-A250-B14C428BF62E}.Release|Any CPU.Build.0 = Release|Any CPU
		{94E3E824-31BC-41E9-9B8C-954A3D224CB6}.Debug|Any CPU.ActiveCfg = Debug|Any CPU
		{94E3E824-31BC-41E9-9B8C-954A3D224CB6}.Debug|Any CPU.Build.0 = Debug|Any CPU
		{94E3E824-31BC-41E9-9B8C-954A3D224CB6}.Release|Any CPU.ActiveCfg = Release|Any CPU
		{94E3E824-31BC-41E9-9B8C-954A3D224CB6}.Release|Any CPU.Build.0 = Release|Any CPU
	EndGlobalSection
	GlobalSection(SolutionProperties) = preSolution
		HideSolutionNode = FALSE
	EndGlobalSection
	GlobalSection(ExtensibilityGlobals) = postSolution
		SolutionGuid = {D3E4C3A5-ADB4-4A48-9A99-78BD4FDE9AE6}
	EndGlobalSection
EndGlobal
